
Microsoft Visual Studio Solution File, Format Version 12.00
# Visual Studio 15
VisualStudioVersion = 15.0.28010.2026
MinimumVisualStudioVersion = 10.0.40219.1
Project("{FAE04EC0-301F-11D3-BF4B-00C04F79EFBC}") = "Nick.DesignPattern.Strategy", "Nick.DesignPattern.Strategy\Nick.DesignPattern.Strategy.csproj", "{D6A3D3EF-31B7-4863-8F78-4A3138C2A263}"
EndProject
Global
	GlobalSection(SolutionConfigurationPlatforms) = preSolution
		Debug|Any CPU = Debug|Any CPU
		Release|Any CPU = Release|Any CPU
	EndGlobalSection
	GlobalSection(ProjectConfigurationPlatforms) = postSolution
		{D6A3D3EF-31B7-4863-8F78-4A3138C2A263}.Debug|Any CPU.ActiveCfg = Debug|Any CPU
		{D6A3D3EF-31B7-4863-8F78-4A3138C2A263}.Debug|Any CPU.Build.0 = Debug|Any CPU
		{D6A3D3EF-31B7-4863-8F78-4A3138C2A263}.Release|Any CPU.ActiveCfg = Release|Any CPU
		{D6A3D3EF-31B7-4863-8F78-4A3138C2A263}.Release|Any CPU.Build.0 = Release|Any CPU
	EndGlobalSection
	GlobalSection(SolutionProperties) = preSolution
		HideSolutionNode = FALSE
	EndGlobalSection
	GlobalSection(ExtensibilityGlobals) = postSolution
		SolutionGuid = {739CD7AC-EBDD-4C03-A8D6-0D7868BE28BF}
	EndGlobalSection
EndGlobal
