
Microsoft Visual Studio Solution File, Format Version 12.00
# Visual Studio 15
VisualStudioVersion = 15.0.28010.2026
MinimumVisualStudioVersion = 10.0.40219.1
Project("{FAE04EC0-301F-11D3-BF4B-00C04F79EFBC}") = "Nick.DesignPattern.Strategy", "Nick.DesignPattern.Strategy\Nick.DesignPattern.Strategy.csproj", "{D6A3D3EF-31B7-4863-8F78-4A3138C2A263}"
EndProject
Project("{FAE04EC0-301F-11D3-BF4B-00C04F79EFBC}") = "Nick.DesignPattern.Decorator", "Nick.DesignPattern.Decorator\Nick.DesignPattern.Decorator.csproj", "{AB0789FE-5D6E-48D8-880B-4D9334795AC3}"
EndProject
Project("{FAE04EC0-301F-11D3-BF4B-00C04F79EFBC}") = "Nick.DesignPattern.Adapter", "Nick.DesignPattern.Adapter\Nick.DesignPattern.Adapter.csproj", "{CAD6B3E1-69A3-4A49-9E93-CCEAE3C30580}"
EndProject
Project("{FAE04EC0-301F-11D3-BF4B-00C04F79EFBC}") = "Nick.DesignPattern.Proxy", "Nick.DesignPattern.Proxy\Nick.DesignPattern.Proxy.csproj", "{6E8CE541-245B-4F6E-80C9-BDBDF30CA71D}"
EndProject
Project("{FAE04EC0-301F-11D3-BF4B-00C04F79EFBC}") = "Nick.DesignPattern.SimpleFactory", "Nick.DesignPattern.SimpleFactory\Nick.DesignPattern.SimpleFactory.csproj", "{10D7C0AF-07AB-4A7D-9242-0E1BFCA93174}"
EndProject
Project("{FAE04EC0-301F-11D3-BF4B-00C04F79EFBC}") = "Nick.DesignPattern.FactoryMethod", "Nick.DesignPattern.FactoryMethod\Nick.DesignPattern.FactoryMethod.csproj", "{D2FBD798-ADF3-477B-B743-306694D9A5C0}"
EndProject
Project("{FAE04EC0-301F-11D3-BF4B-00C04F79EFBC}") = "Nick.DesignPattern.Bridge", "Nick.DesignPattern.Bridge\Nick.DesignPattern.Bridge.csproj", "{1DC65458-67F8-4BED-9506-55C12B3EE083}"
EndProject
Project("{FAE04EC0-301F-11D3-BF4B-00C04F79EFBC}") = "Nick.DesignPattern.AbstractFactory", "Nick.DesignPattern.AbstractFactory\Nick.DesignPattern.AbstractFactory.csproj", "{BFFAD0A7-E297-416A-A83E-FF7112D7FEA2}"
EndProject
Project("{FAE04EC0-301F-11D3-BF4B-00C04F79EFBC}") = "Nick.DesignPattern.Prototype", "Nick.DesignPattern.Prototype\Nick.DesignPattern.Prototype.csproj", "{8AE7E7CF-2F4F-423E-993F-AFD49053C6CC}"
EndProject
Project("{FAE04EC0-301F-11D3-BF4B-00C04F79EFBC}") = "Nick.DesignPattern.Template", "Nick.DesignPattern.Template\Nick.DesignPattern.Template.csproj", "{7B414436-BFC3-48DC-BAF1-5D6B3F15C345}"
EndProject
Global
	GlobalSection(SolutionConfigurationPlatforms) = preSolution
		Debug|Any CPU = Debug|Any CPU
		Release|Any CPU = Release|Any CPU
	EndGlobalSection
	GlobalSection(ProjectConfigurationPlatforms) = postSolution
		{D6A3D3EF-31B7-4863-8F78-4A3138C2A263}.Debug|Any CPU.ActiveCfg = Debug|Any CPU
		{D6A3D3EF-31B7-4863-8F78-4A3138C2A263}.Debug|Any CPU.Build.0 = Debug|Any CPU
		{D6A3D3EF-31B7-4863-8F78-4A3138C2A263}.Release|Any CPU.ActiveCfg = Release|Any CPU
		{D6A3D3EF-31B7-4863-8F78-4A3138C2A263}.Release|Any CPU.Build.0 = Release|Any CPU
		{AB0789FE-5D6E-48D8-880B-4D9334795AC3}.Debug|Any CPU.ActiveCfg = Debug|Any CPU
		{AB0789FE-5D6E-48D8-880B-4D9334795AC3}.Debug|Any CPU.Build.0 = Debug|Any CPU
		{AB0789FE-5D6E-48D8-880B-4D9334795AC3}.Release|Any CPU.ActiveCfg = Release|Any CPU
		{AB0789FE-5D6E-48D8-880B-4D9334795AC3}.Release|Any CPU.Build.0 = Release|Any CPU
		{CAD6B3E1-69A3-4A49-9E93-CCEAE3C30580}.Debug|Any CPU.ActiveCfg = Debug|Any CPU
		{CAD6B3E1-69A3-4A49-9E93-CCEAE3C30580}.Debug|Any CPU.Build.0 = Debug|Any CPU
		{CAD6B3E1-69A3-4A49-9E93-CCEAE3C30580}.Release|Any CPU.ActiveCfg = Release|Any CPU
		{CAD6B3E1-69A3-4A49-9E93-CCEAE3C30580}.Release|Any CPU.Build.0 = Release|Any CPU
		{6E8CE541-245B-4F6E-80C9-BDBDF30CA71D}.Debug|Any CPU.ActiveCfg = Debug|Any CPU
		{6E8CE541-245B-4F6E-80C9-BDBDF30CA71D}.Debug|Any CPU.Build.0 = Debug|Any CPU
		{6E8CE541-245B-4F6E-80C9-BDBDF30CA71D}.Release|Any CPU.ActiveCfg = Release|Any CPU
		{6E8CE541-245B-4F6E-80C9-BDBDF30CA71D}.Release|Any CPU.Build.0 = Release|Any CPU
		{10D7C0AF-07AB-4A7D-9242-0E1BFCA93174}.Debug|Any CPU.ActiveCfg = Debug|Any CPU
		{10D7C0AF-07AB-4A7D-9242-0E1BFCA93174}.Debug|Any CPU.Build.0 = Debug|Any CPU
		{10D7C0AF-07AB-4A7D-9242-0E1BFCA93174}.Release|Any CPU.ActiveCfg = Release|Any CPU
		{10D7C0AF-07AB-4A7D-9242-0E1BFCA93174}.Release|Any CPU.Build.0 = Release|Any CPU
		{D2FBD798-ADF3-477B-B743-306694D9A5C0}.Debug|Any CPU.ActiveCfg = Debug|Any CPU
		{D2FBD798-ADF3-477B-B743-306694D9A5C0}.Debug|Any CPU.Build.0 = Debug|Any CPU
		{D2FBD798-ADF3-477B-B743-306694D9A5C0}.Release|Any CPU.ActiveCfg = Release|Any CPU
		{D2FBD798-ADF3-477B-B743-306694D9A5C0}.Release|Any CPU.Build.0 = Release|Any CPU
		{1DC65458-67F8-4BED-9506-55C12B3EE083}.Debug|Any CPU.ActiveCfg = Debug|Any CPU
		{1DC65458-67F8-4BED-9506-55C12B3EE083}.Debug|Any CPU.Build.0 = Debug|Any CPU
		{1DC65458-67F8-4BED-9506-55C12B3EE083}.Release|Any CPU.ActiveCfg = Release|Any CPU
		{1DC65458-67F8-4BED-9506-55C12B3EE083}.Release|Any CPU.Build.0 = Release|Any CPU
		{BFFAD0A7-E297-416A-A83E-FF7112D7FEA2}.Debug|Any CPU.ActiveCfg = Debug|Any CPU
		{BFFAD0A7-E297-416A-A83E-FF7112D7FEA2}.Debug|Any CPU.Build.0 = Debug|Any CPU
		{BFFAD0A7-E297-416A-A83E-FF7112D7FEA2}.Release|Any CPU.ActiveCfg = Release|Any CPU
		{BFFAD0A7-E297-416A-A83E-FF7112D7FEA2}.Release|Any CPU.Build.0 = Release|Any CPU
		{8AE7E7CF-2F4F-423E-993F-AFD49053C6CC}.Debug|Any CPU.ActiveCfg = Debug|Any CPU
		{8AE7E7CF-2F4F-423E-993F-AFD49053C6CC}.Debug|Any CPU.Build.0 = Debug|Any CPU
		{8AE7E7CF-2F4F-423E-993F-AFD49053C6CC}.Release|Any CPU.ActiveCfg = Release|Any CPU
		{8AE7E7CF-2F4F-423E-993F-AFD49053C6CC}.Release|Any CPU.Build.0 = Release|Any CPU
		{7B414436-BFC3-48DC-BAF1-5D6B3F15C345}.Debug|Any CPU.ActiveCfg = Debug|Any CPU
		{7B414436-BFC3-48DC-BAF1-5D6B3F15C345}.Debug|Any CPU.Build.0 = Debug|Any CPU
		{7B414436-BFC3-48DC-BAF1-5D6B3F15C345}.Release|Any CPU.ActiveCfg = Release|Any CPU
		{7B414436-BFC3-48DC-BAF1-5D6B3F15C345}.Release|Any CPU.Build.0 = Release|Any CPU
	EndGlobalSection
	GlobalSection(SolutionProperties) = preSolution
		HideSolutionNode = FALSE
	EndGlobalSection
	GlobalSection(ExtensibilityGlobals) = postSolution
		SolutionGuid = {739CD7AC-EBDD-4C03-A8D6-0D7868BE28BF}
	EndGlobalSection
EndGlobal
